
Microsoft Visual Studio Solution File, Format Version 12.00
# Visual Studio Version 17
VisualStudioVersion = 17.2.32526.322
MinimumVisualStudioVersion = 10.0.40219.1
Project("{FAE04EC0-301F-11D3-BF4B-00C04F79EFBC}") = "OopConsole", "OopConsole\OopConsole.csproj", "{F8F34E8F-9737-4265-AC0E-C1ECD8B22B97}"
EndProject
Global
	GlobalSection(SolutionConfigurationPlatforms) = preSolution
		Debug|Any CPU = Debug|Any CPU
		Release|Any CPU = Release|Any CPU
	EndGlobalSection
	GlobalSection(ProjectConfigurationPlatforms) = postSolution
		{F8F34E8F-9737-4265-AC0E-C1ECD8B22B97}.Debug|Any CPU.ActiveCfg = Debug|Any CPU
		{F8F34E8F-9737-4265-AC0E-C1ECD8B22B97}.Debug|Any CPU.Build.0 = Debug|Any CPU
		{F8F34E8F-9737-4265-AC0E-C1ECD8B22B97}.Release|Any CPU.ActiveCfg = Release|Any CPU
		{F8F34E8F-9737-4265-AC0E-C1ECD8B22B97}.Release|Any CPU.Build.0 = Release|Any CPU
	EndGlobalSection
	GlobalSection(SolutionProperties) = preSolution
		HideSolutionNode = FALSE
	EndGlobalSection
	GlobalSection(ExtensibilityGlobals) = postSolution
		SolutionGuid = {874D1468-A8D5-4DED-8064-1ED24FCA4C17}
	EndGlobalSection
EndGlobal
